
Microsoft Visual Studio Solution File, Format Version 12.00
# Visual Studio Version 16
VisualStudioVersion = 16.0.30114.105
MinimumVisualStudioVersion = 10.0.40219.1
Project("{FAE04EC0-301F-11D3-BF4B-00C04F79EFBC}") = "UI", "UI\UI.csproj", "{4984BEA4-9310-4BFA-8331-E6704D0C4CB5}"
EndProject
Project("{FAE04EC0-301F-11D3-BF4B-00C04F79EFBC}") = "BL", "BL\BL.csproj", "{AEBEE52A-F26B-4D94-94C7-2252DAADD69F}"
EndProject
Project("{FAE04EC0-301F-11D3-BF4B-00C04F79EFBC}") = "DL", "DL\DL.csproj", "{B911D688-4CC7-4EB4-BC15-C76A77DE189F}"
EndProject
Project("{FAE04EC0-301F-11D3-BF4B-00C04F79EFBC}") = "Models", "Models\Models.csproj", "{33C0EAF0-C038-40CA-A9F2-89FEAFCFF9EE}"
EndProject
Global
	GlobalSection(SolutionConfigurationPlatforms) = preSolution
		Debug|Any CPU = Debug|Any CPU
		Debug|x64 = Debug|x64
		Debug|x86 = Debug|x86
		Release|Any CPU = Release|Any CPU
		Release|x64 = Release|x64
		Release|x86 = Release|x86
	EndGlobalSection
	GlobalSection(SolutionProperties) = preSolution
		HideSolutionNode = FALSE
	EndGlobalSection
	GlobalSection(ProjectConfigurationPlatforms) = postSolution
		{4984BEA4-9310-4BFA-8331-E6704D0C4CB5}.Debug|Any CPU.ActiveCfg = Debug|Any CPU
		{4984BEA4-9310-4BFA-8331-E6704D0C4CB5}.Debug|Any CPU.Build.0 = Debug|Any CPU
		{4984BEA4-9310-4BFA-8331-E6704D0C4CB5}.Debug|x64.ActiveCfg = Debug|Any CPU
		{4984BEA4-9310-4BFA-8331-E6704D0C4CB5}.Debug|x64.Build.0 = Debug|Any CPU
		{4984BEA4-9310-4BFA-8331-E6704D0C4CB5}.Debug|x86.ActiveCfg = Debug|Any CPU
		{4984BEA4-9310-4BFA-8331-E6704D0C4CB5}.Debug|x86.Build.0 = Debug|Any CPU
		{4984BEA4-9310-4BFA-8331-E6704D0C4CB5}.Release|Any CPU.ActiveCfg = Release|Any CPU
		{4984BEA4-9310-4BFA-8331-E6704D0C4CB5}.Release|Any CPU.Build.0 = Release|Any CPU
		{4984BEA4-9310-4BFA-8331-E6704D0C4CB5}.Release|x64.ActiveCfg = Release|Any CPU
		{4984BEA4-9310-4BFA-8331-E6704D0C4CB5}.Release|x64.Build.0 = Release|Any CPU
		{4984BEA4-9310-4BFA-8331-E6704D0C4CB5}.Release|x86.ActiveCfg = Release|Any CPU
		{4984BEA4-9310-4BFA-8331-E6704D0C4CB5}.Release|x86.Build.0 = Release|Any CPU
		{AEBEE52A-F26B-4D94-94C7-2252DAADD69F}.Debug|Any CPU.ActiveCfg = Debug|Any CPU
		{AEBEE52A-F26B-4D94-94C7-2252DAADD69F}.Debug|Any CPU.Build.0 = Debug|Any CPU
		{AEBEE52A-F26B-4D94-94C7-2252DAADD69F}.Debug|x64.ActiveCfg = Debug|Any CPU
		{AEBEE52A-F26B-4D94-94C7-2252DAADD69F}.Debug|x64.Build.0 = Debug|Any CPU
		{AEBEE52A-F26B-4D94-94C7-2252DAADD69F}.Debug|x86.ActiveCfg = Debug|Any CPU
		{AEBEE52A-F26B-4D94-94C7-2252DAADD69F}.Debug|x86.Build.0 = Debug|Any CPU
		{AEBEE52A-F26B-4D94-94C7-2252DAADD69F}.Release|Any CPU.ActiveCfg = Release|Any CPU
		{AEBEE52A-F26B-4D94-94C7-2252DAADD69F}.Release|Any CPU.Build.0 = Release|Any CPU
		{AEBEE52A-F26B-4D94-94C7-2252DAADD69F}.Release|x64.ActiveCfg = Release|Any CPU
		{AEBEE52A-F26B-4D94-94C7-2252DAADD69F}.Release|x64.Build.0 = Release|Any CPU
		{AEBEE52A-F26B-4D94-94C7-2252DAADD69F}.Release|x86.ActiveCfg = Release|Any CPU
		{AEBEE52A-F26B-4D94-94C7-2252DAADD69F}.Release|x86.Build.0 = Release|Any CPU
		{B911D688-4CC7-4EB4-BC15-C76A77DE189F}.Debug|Any CPU.ActiveCfg = Debug|Any CPU
		{B911D688-4CC7-4EB4-BC15-C76A77DE189F}.Debug|Any CPU.Build.0 = Debug|Any CPU
		{B911D688-4CC7-4EB4-BC15-C76A77DE189F}.Debug|x64.ActiveCfg = Debug|Any CPU
		{B911D688-4CC7-4EB4-BC15-C76A77DE189F}.Debug|x64.Build.0 = Debug|Any CPU
		{B911D688-4CC7-4EB4-BC15-C76A77DE189F}.Debug|x86.ActiveCfg = Debug|Any CPU
		{B911D688-4CC7-4EB4-BC15-C76A77DE189F}.Debug|x86.Build.0 = Debug|Any CPU
		{B911D688-4CC7-4EB4-BC15-C76A77DE189F}.Release|Any CPU.ActiveCfg = Release|Any CPU
		{B911D688-4CC7-4EB4-BC15-C76A77DE189F}.Release|Any CPU.Build.0 = Release|Any CPU
		{B911D688-4CC7-4EB4-BC15-C76A77DE189F}.Release|x64.ActiveCfg = Release|Any CPU
		{B911D688-4CC7-4EB4-BC15-C76A77DE189F}.Release|x64.Build.0 = Release|Any CPU
		{B911D688-4CC7-4EB4-BC15-C76A77DE189F}.Release|x86.ActiveCfg = Release|Any CPU
		{B911D688-4CC7-4EB4-BC15-C76A77DE189F}.Release|x86.Build.0 = Release|Any CPU
		{33C0EAF0-C038-40CA-A9F2-89FEAFCFF9EE}.Debug|Any CPU.ActiveCfg = Debug|Any CPU
		{33C0EAF0-C038-40CA-A9F2-89FEAFCFF9EE}.Debug|Any CPU.Build.0 = Debug|Any CPU
		{33C0EAF0-C038-40CA-A9F2-89FEAFCFF9EE}.Debug|x64.ActiveCfg = Debug|Any CPU
		{33C0EAF0-C038-40CA-A9F2-89FEAFCFF9EE}.Debug|x64.Build.0 = Debug|Any CPU
		{33C0EAF0-C038-40CA-A9F2-89FEAFCFF9EE}.Debug|x86.ActiveCfg = Debug|Any CPU
		{33C0EAF0-C038-40CA-A9F2-89FEAFCFF9EE}.Debug|x86.Build.0 = Debug|Any CPU
		{33C0EAF0-C038-40CA-A9F2-89FEAFCFF9EE}.Release|Any CPU.ActiveCfg = Release|Any CPU
		{33C0EAF0-C038-40CA-A9F2-89FEAFCFF9EE}.Release|Any CPU.Build.0 = Release|Any CPU
		{33C0EAF0-C038-40CA-A9F2-89FEAFCFF9EE}.Release|x64.ActiveCfg = Release|Any CPU
		{33C0EAF0-C038-40CA-A9F2-89FEAFCFF9EE}.Release|x64.Build.0 = Release|Any CPU
		{33C0EAF0-C038-40CA-A9F2-89FEAFCFF9EE}.Release|x86.ActiveCfg = Release|Any CPU
		{33C0EAF0-C038-40CA-A9F2-89FEAFCFF9EE}.Release|x86.Build.0 = Release|Any CPU
	EndGlobalSection
EndGlobal
